
Microsoft Visual Studio Solution File, Format Version 12.00
# Visual Studio 15
VisualStudioVersion = 15.0.26430.16
MinimumVisualStudioVersion = 10.0.40219.1
Project("{FAE04EC0-301F-11D3-BF4B-00C04F79EFBC}") = "Game8", "Game8\Game8.csproj", "{9FAE9931-8D8F-4100-A914-5FBFD1F1C9BF}"
EndProject
Global
	GlobalSection(SolutionConfigurationPlatforms) = preSolution
		Debug|x86 = Debug|x86
		Release|x86 = Release|x86
	EndGlobalSection
	GlobalSection(ProjectConfigurationPlatforms) = postSolution
		{9FAE9931-8D8F-4100-A914-5FBFD1F1C9BF}.Debug|x86.ActiveCfg = Debug|x86
		{9FAE9931-8D8F-4100-A914-5FBFD1F1C9BF}.Debug|x86.Build.0 = Debug|x86
		{9FAE9931-8D8F-4100-A914-5FBFD1F1C9BF}.Release|x86.ActiveCfg = Release|x86
		{9FAE9931-8D8F-4100-A914-5FBFD1F1C9BF}.Release|x86.Build.0 = Release|x86
	EndGlobalSection
	GlobalSection(SolutionProperties) = preSolution
		HideSolutionNode = FALSE
	EndGlobalSection
EndGlobal
